
Microsoft Visual Studio Solution File, Format Version 12.00
Project("{2150E333-8FDC-42A3-9474-1A3956D46DE8}") = "Core", "Core", "{52FDDB4D-5193-4542-8797-570470A33F49}"
EndProject
Project("{FAE04EC0-301F-11D3-BF4B-00C04F79EFBC}") = "Babble.Core.Models", "Babble.Core.Models\Babble.Core.Models.csproj", "{DD370A7F-8BE2-441D-AAFC-493E6566358E}"
EndProject
Project("{FAE04EC0-301F-11D3-BF4B-00C04F79EFBC}") = "Babble.Core.Business", "Babble.Core.Business\Babble.Core.Business.csproj", "{2D3A260B-1393-465B-8985-7C6923D06A8B}"
EndProject
Project("{FAE04EC0-301F-11D3-BF4B-00C04F79EFBC}") = "Babble.Core.Business.Actions", "Babble.Core.Business.Actions\Babble.Core.Business.Actions.csproj", "{F70CF430-082E-4890-865A-FD6B166EDC2D}"
EndProject
Global
	GlobalSection(SolutionConfigurationPlatforms) = preSolution
		Debug|Any CPU = Debug|Any CPU
		Release|Any CPU = Release|Any CPU
	EndGlobalSection
	GlobalSection(NestedProjects) = preSolution
		{DD370A7F-8BE2-441D-AAFC-493E6566358E} = {52FDDB4D-5193-4542-8797-570470A33F49}
		{2D3A260B-1393-465B-8985-7C6923D06A8B} = {52FDDB4D-5193-4542-8797-570470A33F49}
		{F70CF430-082E-4890-865A-FD6B166EDC2D} = {52FDDB4D-5193-4542-8797-570470A33F49}
	EndGlobalSection
	GlobalSection(ProjectConfigurationPlatforms) = postSolution
		{DD370A7F-8BE2-441D-AAFC-493E6566358E}.Debug|Any CPU.ActiveCfg = Debug|Any CPU
		{DD370A7F-8BE2-441D-AAFC-493E6566358E}.Debug|Any CPU.Build.0 = Debug|Any CPU
		{DD370A7F-8BE2-441D-AAFC-493E6566358E}.Release|Any CPU.ActiveCfg = Release|Any CPU
		{DD370A7F-8BE2-441D-AAFC-493E6566358E}.Release|Any CPU.Build.0 = Release|Any CPU
		{2D3A260B-1393-465B-8985-7C6923D06A8B}.Debug|Any CPU.ActiveCfg = Debug|Any CPU
		{2D3A260B-1393-465B-8985-7C6923D06A8B}.Debug|Any CPU.Build.0 = Debug|Any CPU
		{2D3A260B-1393-465B-8985-7C6923D06A8B}.Release|Any CPU.ActiveCfg = Release|Any CPU
		{2D3A260B-1393-465B-8985-7C6923D06A8B}.Release|Any CPU.Build.0 = Release|Any CPU
		{F70CF430-082E-4890-865A-FD6B166EDC2D}.Debug|Any CPU.ActiveCfg = Debug|Any CPU
		{F70CF430-082E-4890-865A-FD6B166EDC2D}.Debug|Any CPU.Build.0 = Debug|Any CPU
		{F70CF430-082E-4890-865A-FD6B166EDC2D}.Release|Any CPU.ActiveCfg = Release|Any CPU
		{F70CF430-082E-4890-865A-FD6B166EDC2D}.Release|Any CPU.Build.0 = Release|Any CPU
	EndGlobalSection
EndGlobal
